
Microsoft Visual Studio Solution File, Format Version 12.00
# Visual Studio 15
VisualStudioVersion = 15.0.26730.16
MinimumVisualStudioVersion = 10.0.40219.1
Project("{FAE04EC0-301F-11D3-BF4B-00C04F79EFBC}") = "01. Blank Receipt", "01. Blank Receipt\01. Blank Receipt.csproj", "{C16C1DBB-1C60-4878-B96C-338E8F277F7B}"
EndProject
Project("{FAE04EC0-301F-11D3-BF4B-00C04F79EFBC}") = "02. Sign of Integer Number", "02. Sign of Integer Number\02. Sign of Integer Number.csproj", "{AE68A1AD-6C24-4605-B7B2-7C0B8E662BFA}"
EndProject
Project("{FAE04EC0-301F-11D3-BF4B-00C04F79EFBC}") = "03. Printing Triangle", "03. Printing Triangle\03. Printing Triangle.csproj", "{C3090C42-E957-4BD9-80BE-A1930732FFA7}"
EndProject
Project("{FAE04EC0-301F-11D3-BF4B-00C04F79EFBC}") = "04. Draw a Filled Square", "04. Draw a Filled Square\04. Draw a Filled Square.csproj", "{FB250C74-7499-430B-9E5A-2AFD8A21BDD6}"
EndProject
Project("{FAE04EC0-301F-11D3-BF4B-00C04F79EFBC}") = "05. Temperature Conversion", "05. Temperature Conversion\05. Temperature Conversion.csproj", "{E0514AE4-1E7E-4D3E-857F-7745EE7B44A1}"
EndProject
Project("{FAE04EC0-301F-11D3-BF4B-00C04F79EFBC}") = "06. Calculate Triangle Area", "06. Calculate Triangle Area\06. Calculate Triangle Area.csproj", "{C59A198C-3A00-40CD-BC05-B6785E0865CA}"
EndProject
Project("{FAE04EC0-301F-11D3-BF4B-00C04F79EFBC}") = "07. Math Power", "07. Math Power\07. Math Power.csproj", "{41BB3A11-E15F-4763-8142-57E49A4F8A71}"
EndProject
Project("{FAE04EC0-301F-11D3-BF4B-00C04F79EFBC}") = "08. Greater of Two Values", "08. Greater of Two Values\08. Greater of Two Values.csproj", "{4FC183AE-4F46-4C60-96FB-3B95FE73A5B0}"
EndProject
Project("{FAE04EC0-301F-11D3-BF4B-00C04F79EFBC}") = "09. Multiply Evens by Odds", "09. Multiply Evens by Odds\09. Multiply Evens by Odds.csproj", "{02FFA894-239E-4EFD-AC83-6B1546D7F41C}"
EndProject
Project("{FAE04EC0-301F-11D3-BF4B-00C04F79EFBC}") = "10. Debug the Code Holidays", "10. Debug the Code Holidays\10. Debug the Code Holidays.csproj", "{F181913D-4B4F-48A5-80EC-EE20EBCD4997}"
EndProject
Project("{FAE04EC0-301F-11D3-BF4B-00C04F79EFBC}") = "11. Price Change Alert", "11. Price Change Alert\11. Price Change Alert.csproj", "{A62EF9AD-A02A-45F9-BEB8-A179EFF51FE6}"
EndProject
Global
	GlobalSection(SolutionConfigurationPlatforms) = preSolution
		Debug|Any CPU = Debug|Any CPU
		Release|Any CPU = Release|Any CPU
	EndGlobalSection
	GlobalSection(ProjectConfigurationPlatforms) = postSolution
		{C16C1DBB-1C60-4878-B96C-338E8F277F7B}.Debug|Any CPU.ActiveCfg = Debug|Any CPU
		{C16C1DBB-1C60-4878-B96C-338E8F277F7B}.Debug|Any CPU.Build.0 = Debug|Any CPU
		{C16C1DBB-1C60-4878-B96C-338E8F277F7B}.Release|Any CPU.ActiveCfg = Release|Any CPU
		{C16C1DBB-1C60-4878-B96C-338E8F277F7B}.Release|Any CPU.Build.0 = Release|Any CPU
		{AE68A1AD-6C24-4605-B7B2-7C0B8E662BFA}.Debug|Any CPU.ActiveCfg = Debug|Any CPU
		{AE68A1AD-6C24-4605-B7B2-7C0B8E662BFA}.Debug|Any CPU.Build.0 = Debug|Any CPU
		{AE68A1AD-6C24-4605-B7B2-7C0B8E662BFA}.Release|Any CPU.ActiveCfg = Release|Any CPU
		{AE68A1AD-6C24-4605-B7B2-7C0B8E662BFA}.Release|Any CPU.Build.0 = Release|Any CPU
		{C3090C42-E957-4BD9-80BE-A1930732FFA7}.Debug|Any CPU.ActiveCfg = Debug|Any CPU
		{C3090C42-E957-4BD9-80BE-A1930732FFA7}.Debug|Any CPU.Build.0 = Debug|Any CPU
		{C3090C42-E957-4BD9-80BE-A1930732FFA7}.Release|Any CPU.ActiveCfg = Release|Any CPU
		{C3090C42-E957-4BD9-80BE-A1930732FFA7}.Release|Any CPU.Build.0 = Release|Any CPU
		{FB250C74-7499-430B-9E5A-2AFD8A21BDD6}.Debug|Any CPU.ActiveCfg = Debug|Any CPU
		{FB250C74-7499-430B-9E5A-2AFD8A21BDD6}.Debug|Any CPU.Build.0 = Debug|Any CPU
		{FB250C74-7499-430B-9E5A-2AFD8A21BDD6}.Release|Any CPU.ActiveCfg = Release|Any CPU
		{FB250C74-7499-430B-9E5A-2AFD8A21BDD6}.Release|Any CPU.Build.0 = Release|Any CPU
		{E0514AE4-1E7E-4D3E-857F-7745EE7B44A1}.Debug|Any CPU.ActiveCfg = Debug|Any CPU
		{E0514AE4-1E7E-4D3E-857F-7745EE7B44A1}.Debug|Any CPU.Build.0 = Debug|Any CPU
		{E0514AE4-1E7E-4D3E-857F-7745EE7B44A1}.Release|Any CPU.ActiveCfg = Release|Any CPU
		{E0514AE4-1E7E-4D3E-857F-7745EE7B44A1}.Release|Any CPU.Build.0 = Release|Any CPU
		{C59A198C-3A00-40CD-BC05-B6785E0865CA}.Debug|Any CPU.ActiveCfg = Debug|Any CPU
		{C59A198C-3A00-40CD-BC05-B6785E0865CA}.Debug|Any CPU.Build.0 = Debug|Any CPU
		{C59A198C-3A00-40CD-BC05-B6785E0865CA}.Release|Any CPU.ActiveCfg = Release|Any CPU
		{C59A198C-3A00-40CD-BC05-B6785E0865CA}.Release|Any CPU.Build.0 = Release|Any CPU
		{41BB3A11-E15F-4763-8142-57E49A4F8A71}.Debug|Any CPU.ActiveCfg = Debug|Any CPU
		{41BB3A11-E15F-4763-8142-57E49A4F8A71}.Debug|Any CPU.Build.0 = Debug|Any CPU
		{41BB3A11-E15F-4763-8142-57E49A4F8A71}.Release|Any CPU.ActiveCfg = Release|Any CPU
		{41BB3A11-E15F-4763-8142-57E49A4F8A71}.Release|Any CPU.Build.0 = Release|Any CPU
		{4FC183AE-4F46-4C60-96FB-3B95FE73A5B0}.Debug|Any CPU.ActiveCfg = Debug|Any CPU
		{4FC183AE-4F46-4C60-96FB-3B95FE73A5B0}.Debug|Any CPU.Build.0 = Debug|Any CPU
		{4FC183AE-4F46-4C60-96FB-3B95FE73A5B0}.Release|Any CPU.ActiveCfg = Release|Any CPU
		{4FC183AE-4F46-4C60-96FB-3B95FE73A5B0}.Release|Any CPU.Build.0 = Release|Any CPU
		{02FFA894-239E-4EFD-AC83-6B1546D7F41C}.Debug|Any CPU.ActiveCfg = Debug|Any CPU
		{02FFA894-239E-4EFD-AC83-6B1546D7F41C}.Debug|Any CPU.Build.0 = Debug|Any CPU
		{02FFA894-239E-4EFD-AC83-6B1546D7F41C}.Release|Any CPU.ActiveCfg = Release|Any CPU
		{02FFA894-239E-4EFD-AC83-6B1546D7F41C}.Release|Any CPU.Build.0 = Release|Any CPU
		{F181913D-4B4F-48A5-80EC-EE20EBCD4997}.Debug|Any CPU.ActiveCfg = Debug|Any CPU
		{F181913D-4B4F-48A5-80EC-EE20EBCD4997}.Debug|Any CPU.Build.0 = Debug|Any CPU
		{F181913D-4B4F-48A5-80EC-EE20EBCD4997}.Release|Any CPU.ActiveCfg = Release|Any CPU
		{F181913D-4B4F-48A5-80EC-EE20EBCD4997}.Release|Any CPU.Build.0 = Release|Any CPU
		{A62EF9AD-A02A-45F9-BEB8-A179EFF51FE6}.Debug|Any CPU.ActiveCfg = Debug|Any CPU
		{A62EF9AD-A02A-45F9-BEB8-A179EFF51FE6}.Debug|Any CPU.Build.0 = Debug|Any CPU
		{A62EF9AD-A02A-45F9-BEB8-A179EFF51FE6}.Release|Any CPU.ActiveCfg = Release|Any CPU
		{A62EF9AD-A02A-45F9-BEB8-A179EFF51FE6}.Release|Any CPU.Build.0 = Release|Any CPU
	EndGlobalSection
	GlobalSection(SolutionProperties) = preSolution
		HideSolutionNode = FALSE
	EndGlobalSection
	GlobalSection(ExtensibilityGlobals) = postSolution
		SolutionGuid = {EA97A7C6-0FC6-4FFB-A559-AFFCE04F5799}
	EndGlobalSection
EndGlobal
